
Microsoft Visual Studio Solution File, Format Version 12.00
# Visual Studio Version 17
VisualStudioVersion = 17.4.33213.308
MinimumVisualStudioVersion = 10.0.40219.1
Project("{9A19103F-16F7-4668-BE54-9A1E7A4F7556}") = "AulaHerancaEPolimorfismo", "..\..\source\repos\AulaHerançaEPolimorfismo\AulaHerançaEPolimorfismo\AulaHerancaEPolimorfismo.csproj", "{CC3EA770-3940-4EB1-958F-A093767EF55B}"
EndProject
Global
	GlobalSection(SolutionConfigurationPlatforms) = preSolution
		Debug|Any CPU = Debug|Any CPU
		Release|Any CPU = Release|Any CPU
	EndGlobalSection
	GlobalSection(ProjectConfigurationPlatforms) = postSolution
		{CC3EA770-3940-4EB1-958F-A093767EF55B}.Debug|Any CPU.ActiveCfg = Debug|Any CPU
		{CC3EA770-3940-4EB1-958F-A093767EF55B}.Debug|Any CPU.Build.0 = Debug|Any CPU
		{CC3EA770-3940-4EB1-958F-A093767EF55B}.Release|Any CPU.ActiveCfg = Release|Any CPU
		{CC3EA770-3940-4EB1-958F-A093767EF55B}.Release|Any CPU.Build.0 = Release|Any CPU
	EndGlobalSection
	GlobalSection(SolutionProperties) = preSolution
		HideSolutionNode = FALSE
	EndGlobalSection
	GlobalSection(ExtensibilityGlobals) = postSolution
		SolutionGuid = {91E2A654-743E-4040-AEE9-B4E5FB56C5B1}
	EndGlobalSection
EndGlobal
